
Microsoft Visual Studio Solution File, Format Version 12.00
# Visual Studio Version 16
VisualStudioVersion = 16.0.31605.320
MinimumVisualStudioVersion = 10.0.40219.1
Project("{9A19103F-16F7-4668-BE54-9A1E7A4F7556}") = "CustomerLibrary", "CustomerLibrary\CustomerLibrary.csproj", "{64C5E880-22EE-47E8-9CE7-74D622DD570B}"
EndProject
Project("{9A19103F-16F7-4668-BE54-9A1E7A4F7556}") = "PetShop", "PetShop\PetShop.csproj", "{7C28CAA8-47D0-4BA0-AA02-07D64EEE535E}"
EndProject
Project("{9A19103F-16F7-4668-BE54-9A1E7A4F7556}") = "Interfaces", "ICustomerLIb\Interfaces.csproj", "{16CD7928-3EE9-4A23-A23B-25469A37D83A}"
EndProject
Project("{9A19103F-16F7-4668-BE54-9A1E7A4F7556}") = "Factory", "CustomerFactory\Factory.csproj", "{9BB995EF-B78D-4030-8390-FB90C0031644}"
EndProject
Project("{9A19103F-16F7-4668-BE54-9A1E7A4F7556}") = "ValidationLogic", "ValidationAlgos\ValidationLogic.csproj", "{BFEC3055-7FE7-425B-A6AB-982032528808}"
EndProject
Project("{9A19103F-16F7-4668-BE54-9A1E7A4F7556}") = "InterfacesDAL", "InterfacesDAL\InterfacesDAL.csproj", "{0AA35867-F897-47AE-9352-737BDB13429D}"
EndProject
Project("{9A19103F-16F7-4668-BE54-9A1E7A4F7556}") = "DataAccessLibrary", "DataAccessLibrary\DataAccessLibrary.csproj", "{176D0FFB-6AF5-4DD4-BE24-FBB09963C8EA}"
EndProject
Project("{9A19103F-16F7-4668-BE54-9A1E7A4F7556}") = "ADONetLibrary", "ADONetLibrary\ADONetLibrary.csproj", "{63913523-4AB7-4BDB-B779-1FBD88966F7A}"
EndProject
Project("{9A19103F-16F7-4668-BE54-9A1E7A4F7556}") = "FactoryDAL", "FactoryDAL\FactoryDAL.csproj", "{CC25C60C-E18D-4005-BABD-7C6A599090C6}"
EndProject
Project("{FAE04EC0-301F-11D3-BF4B-00C04F79EFBC}") = "EFDALLibrary", "EFDALLibrary\EFDALLibrary.csproj", "{07FBBDB3-1BA4-4601-93A1-24105702F5AB}"
EndProject
Global
	GlobalSection(SolutionConfigurationPlatforms) = preSolution
		Debug|Any CPU = Debug|Any CPU
		Release|Any CPU = Release|Any CPU
	EndGlobalSection
	GlobalSection(ProjectConfigurationPlatforms) = postSolution
		{64C5E880-22EE-47E8-9CE7-74D622DD570B}.Debug|Any CPU.ActiveCfg = Debug|Any CPU
		{64C5E880-22EE-47E8-9CE7-74D622DD570B}.Debug|Any CPU.Build.0 = Debug|Any CPU
		{64C5E880-22EE-47E8-9CE7-74D622DD570B}.Release|Any CPU.ActiveCfg = Release|Any CPU
		{64C5E880-22EE-47E8-9CE7-74D622DD570B}.Release|Any CPU.Build.0 = Release|Any CPU
		{7C28CAA8-47D0-4BA0-AA02-07D64EEE535E}.Debug|Any CPU.ActiveCfg = Debug|Any CPU
		{7C28CAA8-47D0-4BA0-AA02-07D64EEE535E}.Debug|Any CPU.Build.0 = Debug|Any CPU
		{7C28CAA8-47D0-4BA0-AA02-07D64EEE535E}.Release|Any CPU.ActiveCfg = Release|Any CPU
		{7C28CAA8-47D0-4BA0-AA02-07D64EEE535E}.Release|Any CPU.Build.0 = Release|Any CPU
		{16CD7928-3EE9-4A23-A23B-25469A37D83A}.Debug|Any CPU.ActiveCfg = Debug|Any CPU
		{16CD7928-3EE9-4A23-A23B-25469A37D83A}.Debug|Any CPU.Build.0 = Debug|Any CPU
		{16CD7928-3EE9-4A23-A23B-25469A37D83A}.Release|Any CPU.ActiveCfg = Release|Any CPU
		{16CD7928-3EE9-4A23-A23B-25469A37D83A}.Release|Any CPU.Build.0 = Release|Any CPU
		{9BB995EF-B78D-4030-8390-FB90C0031644}.Debug|Any CPU.ActiveCfg = Debug|Any CPU
		{9BB995EF-B78D-4030-8390-FB90C0031644}.Debug|Any CPU.Build.0 = Debug|Any CPU
		{9BB995EF-B78D-4030-8390-FB90C0031644}.Release|Any CPU.ActiveCfg = Release|Any CPU
		{9BB995EF-B78D-4030-8390-FB90C0031644}.Release|Any CPU.Build.0 = Release|Any CPU
		{BFEC3055-7FE7-425B-A6AB-982032528808}.Debug|Any CPU.ActiveCfg = Debug|Any CPU
		{BFEC3055-7FE7-425B-A6AB-982032528808}.Debug|Any CPU.Build.0 = Debug|Any CPU
		{BFEC3055-7FE7-425B-A6AB-982032528808}.Release|Any CPU.ActiveCfg = Release|Any CPU
		{BFEC3055-7FE7-425B-A6AB-982032528808}.Release|Any CPU.Build.0 = Release|Any CPU
		{0AA35867-F897-47AE-9352-737BDB13429D}.Debug|Any CPU.ActiveCfg = Debug|Any CPU
		{0AA35867-F897-47AE-9352-737BDB13429D}.Debug|Any CPU.Build.0 = Debug|Any CPU
		{0AA35867-F897-47AE-9352-737BDB13429D}.Release|Any CPU.ActiveCfg = Release|Any CPU
		{0AA35867-F897-47AE-9352-737BDB13429D}.Release|Any CPU.Build.0 = Release|Any CPU
		{176D0FFB-6AF5-4DD4-BE24-FBB09963C8EA}.Debug|Any CPU.ActiveCfg = Debug|Any CPU
		{176D0FFB-6AF5-4DD4-BE24-FBB09963C8EA}.Debug|Any CPU.Build.0 = Debug|Any CPU
		{176D0FFB-6AF5-4DD4-BE24-FBB09963C8EA}.Release|Any CPU.ActiveCfg = Release|Any CPU
		{176D0FFB-6AF5-4DD4-BE24-FBB09963C8EA}.Release|Any CPU.Build.0 = Release|Any CPU
		{63913523-4AB7-4BDB-B779-1FBD88966F7A}.Debug|Any CPU.ActiveCfg = Debug|Any CPU
		{63913523-4AB7-4BDB-B779-1FBD88966F7A}.Debug|Any CPU.Build.0 = Debug|Any CPU
		{63913523-4AB7-4BDB-B779-1FBD88966F7A}.Release|Any CPU.ActiveCfg = Release|Any CPU
		{63913523-4AB7-4BDB-B779-1FBD88966F7A}.Release|Any CPU.Build.0 = Release|Any CPU
		{CC25C60C-E18D-4005-BABD-7C6A599090C6}.Debug|Any CPU.ActiveCfg = Debug|Any CPU
		{CC25C60C-E18D-4005-BABD-7C6A599090C6}.Debug|Any CPU.Build.0 = Debug|Any CPU
		{CC25C60C-E18D-4005-BABD-7C6A599090C6}.Release|Any CPU.ActiveCfg = Release|Any CPU
		{CC25C60C-E18D-4005-BABD-7C6A599090C6}.Release|Any CPU.Build.0 = Release|Any CPU
		{07FBBDB3-1BA4-4601-93A1-24105702F5AB}.Debug|Any CPU.ActiveCfg = Debug|Any CPU
		{07FBBDB3-1BA4-4601-93A1-24105702F5AB}.Debug|Any CPU.Build.0 = Debug|Any CPU
		{07FBBDB3-1BA4-4601-93A1-24105702F5AB}.Release|Any CPU.ActiveCfg = Release|Any CPU
		{07FBBDB3-1BA4-4601-93A1-24105702F5AB}.Release|Any CPU.Build.0 = Release|Any CPU
	EndGlobalSection
	GlobalSection(SolutionProperties) = preSolution
		HideSolutionNode = FALSE
	EndGlobalSection
	GlobalSection(ExtensibilityGlobals) = postSolution
		SolutionGuid = {B62E4A35-66F5-44F6-AFF2-C45BD205D9CE}
	EndGlobalSection
EndGlobal
